
Microsoft Visual Studio Solution File, Format Version 12.00
# Visual Studio 15
VisualStudioVersion = 15.0.28307.572
MinimumVisualStudioVersion = 10.0.40219.1
Project("{FAE04EC0-301F-11D3-BF4B-00C04F79EFBC}") = "SilDev.PortalizerLib", "src\SilDev.PortalizerLib.csproj", "{8D46B6DF-A7D2-4093-A4BE-30D2A1BC38A1}"
EndProject
Project("{FAE04EC0-301F-11D3-BF4B-00C04F79EFBC}") = "SilDev.PortalizerLib64", "src\SilDev.PortalizerLib64.csproj", "{9A98076E-40CE-4E4A-8997-811F8A5B666E}"
EndProject
Global
	GlobalSection(SolutionConfigurationPlatforms) = preSolution
		Debug|Any CPU = Debug|Any CPU
		Debug|x64 = Debug|x64
		Debug|x86 = Debug|x86
		Release|Any CPU = Release|Any CPU
		Release|x64 = Release|x64
		Release|x86 = Release|x86
	EndGlobalSection
	GlobalSection(ProjectConfigurationPlatforms) = postSolution
		{8D46B6DF-A7D2-4093-A4BE-30D2A1BC38A1}.Debug|Any CPU.ActiveCfg = Debug|x86
		{8D46B6DF-A7D2-4093-A4BE-30D2A1BC38A1}.Debug|Any CPU.Build.0 = Debug|x86
		{8D46B6DF-A7D2-4093-A4BE-30D2A1BC38A1}.Debug|x64.ActiveCfg = Debug|x86
		{8D46B6DF-A7D2-4093-A4BE-30D2A1BC38A1}.Debug|x86.ActiveCfg = Debug|x86
		{8D46B6DF-A7D2-4093-A4BE-30D2A1BC38A1}.Debug|x86.Build.0 = Debug|x86
		{8D46B6DF-A7D2-4093-A4BE-30D2A1BC38A1}.Release|Any CPU.ActiveCfg = Release|x86
		{8D46B6DF-A7D2-4093-A4BE-30D2A1BC38A1}.Release|Any CPU.Build.0 = Release|x86
		{8D46B6DF-A7D2-4093-A4BE-30D2A1BC38A1}.Release|x64.ActiveCfg = Release|x86
		{8D46B6DF-A7D2-4093-A4BE-30D2A1BC38A1}.Release|x86.ActiveCfg = Release|x86
		{8D46B6DF-A7D2-4093-A4BE-30D2A1BC38A1}.Release|x86.Build.0 = Release|x86
		{9A98076E-40CE-4E4A-8997-811F8A5B666E}.Debug|Any CPU.ActiveCfg = Debug|x64
		{9A98076E-40CE-4E4A-8997-811F8A5B666E}.Debug|Any CPU.Build.0 = Debug|x64
		{9A98076E-40CE-4E4A-8997-811F8A5B666E}.Debug|x64.ActiveCfg = Debug|x64
		{9A98076E-40CE-4E4A-8997-811F8A5B666E}.Debug|x64.Build.0 = Debug|x64
		{9A98076E-40CE-4E4A-8997-811F8A5B666E}.Debug|x86.ActiveCfg = Debug|x64
		{9A98076E-40CE-4E4A-8997-811F8A5B666E}.Release|Any CPU.ActiveCfg = Release|x64
		{9A98076E-40CE-4E4A-8997-811F8A5B666E}.Release|Any CPU.Build.0 = Release|x64
		{9A98076E-40CE-4E4A-8997-811F8A5B666E}.Release|x64.ActiveCfg = Release|x64
		{9A98076E-40CE-4E4A-8997-811F8A5B666E}.Release|x64.Build.0 = Release|x64
		{9A98076E-40CE-4E4A-8997-811F8A5B666E}.Release|x86.ActiveCfg = Release|x64
	EndGlobalSection
	GlobalSection(SolutionProperties) = preSolution
		HideSolutionNode = FALSE
	EndGlobalSection
	GlobalSection(ExtensibilityGlobals) = postSolution
		SolutionGuid = {4420948A-C291-4E4E-974F-93F5AA759443}
	EndGlobalSection
EndGlobal
